
Microsoft Visual Studio Solution File, Format Version 12.00
# Visual Studio Version 17
VisualStudioVersion = 17.5.33530.505
MinimumVisualStudioVersion = 10.0.40219.1
Project("{FAE04EC0-301F-11D3-BF4B-00C04F79EFBC}") = "Base64", "Base64.csproj", "{5F992603-EF99-4FC9-AD6C-7978D5B642E5}"
EndProject
Global
	GlobalSection(SolutionConfigurationPlatforms) = preSolution
		Debug|Any CPU = Debug|Any CPU
		Release|Any CPU = Release|Any CPU
	EndGlobalSection
	GlobalSection(ProjectConfigurationPlatforms) = postSolution
		{5F992603-EF99-4FC9-AD6C-7978D5B642E5}.Debug|Any CPU.ActiveCfg = Debug|Any CPU
		{5F992603-EF99-4FC9-AD6C-7978D5B642E5}.Debug|Any CPU.Build.0 = Debug|Any CPU
		{5F992603-EF99-4FC9-AD6C-7978D5B642E5}.Release|Any CPU.ActiveCfg = Release|Any CPU
		{5F992603-EF99-4FC9-AD6C-7978D5B642E5}.Release|Any CPU.Build.0 = Release|Any CPU
	EndGlobalSection
	GlobalSection(SolutionProperties) = preSolution
		HideSolutionNode = FALSE
	EndGlobalSection
	GlobalSection(ExtensibilityGlobals) = postSolution
		SolutionGuid = {4709E1DB-39DB-46EF-AED5-6C71E79403C1}
	EndGlobalSection
EndGlobal
